
Microsoft Visual Studio Solution File, Format Version 12.00
# Visual Studio Version 17
VisualStudioVersion = 17.14.36705.20
MinimumVisualStudioVersion = 10.0.40219.1
Project("{FAE04EC0-301F-11D3-BF4B-00C04F79EFBC}") = "Shopping.Client", "Shopping.Client\Shopping.Client.csproj", "{A3F0C572-B568-468A-8D40-ABCC50380DCA}"
EndProject
Global
	GlobalSection(SolutionConfigurationPlatforms) = preSolution
		Debug|Any CPU = Debug|Any CPU
		Release|Any CPU = Release|Any CPU
	EndGlobalSection
	GlobalSection(ProjectConfigurationPlatforms) = postSolution
		{A3F0C572-B568-468A-8D40-ABCC50380DCA}.Debug|Any CPU.ActiveCfg = Debug|Any CPU
		{A3F0C572-B568-468A-8D40-ABCC50380DCA}.Debug|Any CPU.Build.0 = Debug|Any CPU
		{A3F0C572-B568-468A-8D40-ABCC50380DCA}.Release|Any CPU.ActiveCfg = Release|Any CPU
		{A3F0C572-B568-468A-8D40-ABCC50380DCA}.Release|Any CPU.Build.0 = Release|Any CPU
	EndGlobalSection
	GlobalSection(SolutionProperties) = preSolution
		HideSolutionNode = FALSE
	EndGlobalSection
	GlobalSection(ExtensibilityGlobals) = postSolution
		SolutionGuid = {A61DDDBB-65B2-4B2E-9DB5-FDBD8FF960D0}
	EndGlobalSection
EndGlobal
